
Microsoft Visual Studio Solution File, Format Version 12.00
# Visual Studio 14
VisualStudioVersion = 14.0.25420.1
MinimumVisualStudioVersion = 10.0.40219.1
Project("{FAE04EC0-301F-11D3-BF4B-00C04F79EFBC}") = "Icons8.UI", "..\Icons8_WPF\Icons8.UI\Icons8.UI.csproj", "{1AD1E676-0A5B-46D0-8BA2-6DE3C83A5EAC}"
EndProject
Project("{FAE04EC0-301F-11D3-BF4B-00C04F79EFBC}") = "Icons8.UI.SearchIcon.iOS", "..\Icons8_WPF_Search_iOS\Icons8.UI.SearchIcon.iOS\Icons8.UI.SearchIcon.iOS.csproj", "{9D69F105-0DFE-46EB-BAFC-775D19D88135}"
EndProject
Project("{2150E333-8FDC-42A3-9474-1A3956D46DE8}") = "iOS", "iOS", "{8E3C991D-872C-4DCC-AA1C-D9B4FDB3D6C7}"
EndProject
Project("{FAE04EC0-301F-11D3-BF4B-00C04F79EFBC}") = "Icons8.UI.PackageTest_DLL", "Icons8.UI.PackageTest_DLL\Icons8.UI.PackageTest_DLL.csproj", "{181154AA-3D20-48FE-9091-B91AEFE57837}"
EndProject
Project("{FAE04EC0-301F-11D3-BF4B-00C04F79EFBC}") = "Icons8.UI.Tests", "Icons8.UI.Tests\Icons8.UI.Tests.csproj", "{9978E6E6-E0DB-4D22-BE37-5C0EC3A592A9}"
EndProject
Global
	GlobalSection(SolutionConfigurationPlatforms) = preSolution
		Debug|Any CPU = Debug|Any CPU
		Release|Any CPU = Release|Any CPU
	EndGlobalSection
	GlobalSection(ProjectConfigurationPlatforms) = postSolution
		{1AD1E676-0A5B-46D0-8BA2-6DE3C83A5EAC}.Debug|Any CPU.ActiveCfg = Debug|Any CPU
		{1AD1E676-0A5B-46D0-8BA2-6DE3C83A5EAC}.Debug|Any CPU.Build.0 = Debug|Any CPU
		{1AD1E676-0A5B-46D0-8BA2-6DE3C83A5EAC}.Release|Any CPU.ActiveCfg = Release|Any CPU
		{1AD1E676-0A5B-46D0-8BA2-6DE3C83A5EAC}.Release|Any CPU.Build.0 = Release|Any CPU
		{9D69F105-0DFE-46EB-BAFC-775D19D88135}.Debug|Any CPU.ActiveCfg = Debug|Any CPU
		{9D69F105-0DFE-46EB-BAFC-775D19D88135}.Debug|Any CPU.Build.0 = Debug|Any CPU
		{9D69F105-0DFE-46EB-BAFC-775D19D88135}.Release|Any CPU.ActiveCfg = Release|Any CPU
		{9D69F105-0DFE-46EB-BAFC-775D19D88135}.Release|Any CPU.Build.0 = Release|Any CPU
		{181154AA-3D20-48FE-9091-B91AEFE57837}.Debug|Any CPU.ActiveCfg = Debug|Any CPU
		{181154AA-3D20-48FE-9091-B91AEFE57837}.Debug|Any CPU.Build.0 = Debug|Any CPU
		{181154AA-3D20-48FE-9091-B91AEFE57837}.Release|Any CPU.ActiveCfg = Release|Any CPU
		{181154AA-3D20-48FE-9091-B91AEFE57837}.Release|Any CPU.Build.0 = Release|Any CPU
		{9978E6E6-E0DB-4D22-BE37-5C0EC3A592A9}.Debug|Any CPU.ActiveCfg = Debug|Any CPU
		{9978E6E6-E0DB-4D22-BE37-5C0EC3A592A9}.Debug|Any CPU.Build.0 = Debug|Any CPU
		{9978E6E6-E0DB-4D22-BE37-5C0EC3A592A9}.Release|Any CPU.ActiveCfg = Release|Any CPU
		{9978E6E6-E0DB-4D22-BE37-5C0EC3A592A9}.Release|Any CPU.Build.0 = Release|Any CPU
	EndGlobalSection
	GlobalSection(SolutionProperties) = preSolution
		HideSolutionNode = FALSE
	EndGlobalSection
	GlobalSection(NestedProjects) = preSolution
		{9D69F105-0DFE-46EB-BAFC-775D19D88135} = {8E3C991D-872C-4DCC-AA1C-D9B4FDB3D6C7}
	EndGlobalSection
EndGlobal
